
Microsoft Visual Studio Solution File, Format Version 12.00
# Visual Studio Version 17
VisualStudioVersion = 17.5.002.0
MinimumVisualStudioVersion = 10.0.40219.1
Project("{9A19103F-16F7-4668-BE54-9A1E7A4F7556}") = "IntegrationTests", "IntegrationTests\IntegrationTests.csproj", "{A409D944-7A48-4078-8B78-3770B53FAD3D}"
EndProject
Project("{9A19103F-16F7-4668-BE54-9A1E7A4F7556}") = "UnitTests", "UnitTests\UnitTests.csproj", "{49A41FAC-53B2-415F-BD3E-07CD45192CF3}"
EndProject
Project("{9A19103F-16F7-4668-BE54-9A1E7A4F7556}") = "WebMinRouteGroup", "WebMinRouteGroup\WebMinRouteGroup.csproj", "{ECD9E950-E018-4CF8-AB0F-9DD06E2A9900}"
EndProject
Global
	GlobalSection(SolutionConfigurationPlatforms) = preSolution
		Debug|Any CPU = Debug|Any CPU
		Release|Any CPU = Release|Any CPU
	EndGlobalSection
	GlobalSection(ProjectConfigurationPlatforms) = postSolution
		{A409D944-7A48-4078-8B78-3770B53FAD3D}.Debug|Any CPU.ActiveCfg = Debug|Any CPU
		{A409D944-7A48-4078-8B78-3770B53FAD3D}.Debug|Any CPU.Build.0 = Debug|Any CPU
		{A409D944-7A48-4078-8B78-3770B53FAD3D}.Release|Any CPU.ActiveCfg = Release|Any CPU
		{A409D944-7A48-4078-8B78-3770B53FAD3D}.Release|Any CPU.Build.0 = Release|Any CPU
		{49A41FAC-53B2-415F-BD3E-07CD45192CF3}.Debug|Any CPU.ActiveCfg = Debug|Any CPU
		{49A41FAC-53B2-415F-BD3E-07CD45192CF3}.Debug|Any CPU.Build.0 = Debug|Any CPU
		{49A41FAC-53B2-415F-BD3E-07CD45192CF3}.Release|Any CPU.ActiveCfg = Release|Any CPU
		{49A41FAC-53B2-415F-BD3E-07CD45192CF3}.Release|Any CPU.Build.0 = Release|Any CPU
		{ECD9E950-E018-4CF8-AB0F-9DD06E2A9900}.Debug|Any CPU.ActiveCfg = Debug|Any CPU
		{ECD9E950-E018-4CF8-AB0F-9DD06E2A9900}.Debug|Any CPU.Build.0 = Debug|Any CPU
		{ECD9E950-E018-4CF8-AB0F-9DD06E2A9900}.Release|Any CPU.ActiveCfg = Release|Any CPU
		{ECD9E950-E018-4CF8-AB0F-9DD06E2A9900}.Release|Any CPU.Build.0 = Release|Any CPU
	EndGlobalSection
	GlobalSection(SolutionProperties) = preSolution
		HideSolutionNode = FALSE
	EndGlobalSection
	GlobalSection(ExtensibilityGlobals) = postSolution
		SolutionGuid = {7162D538-76EF-4204-B3C0-BDE8D68A9D21}
	EndGlobalSection
EndGlobal
